
Microsoft Visual Studio Solution File, Format Version 12.00
# Visual Studio 15
VisualStudioVersion = 15.0.28307.1300
MinimumVisualStudioVersion = 10.0.40219.1
Project("{FAE04EC0-301F-11D3-BF4B-00C04F79EFBC}") = "HizliSatis4", "HizliSatis4\HizliSatis4.csproj", "{89637209-1D1F-44E2-A324-20A45BA6CCA4}"
EndProject
Global
	GlobalSection(SolutionConfigurationPlatforms) = preSolution
		Debug|Any CPU = Debug|Any CPU
		Release|Any CPU = Release|Any CPU
	EndGlobalSection
	GlobalSection(ProjectConfigurationPlatforms) = postSolution
		{89637209-1D1F-44E2-A324-20A45BA6CCA4}.Debug|Any CPU.ActiveCfg = Debug|Any CPU
		{89637209-1D1F-44E2-A324-20A45BA6CCA4}.Debug|Any CPU.Build.0 = Debug|Any CPU
		{89637209-1D1F-44E2-A324-20A45BA6CCA4}.Release|Any CPU.ActiveCfg = Release|Any CPU
		{89637209-1D1F-44E2-A324-20A45BA6CCA4}.Release|Any CPU.Build.0 = Release|Any CPU
	EndGlobalSection
	GlobalSection(SolutionProperties) = preSolution
		HideSolutionNode = FALSE
	EndGlobalSection
	GlobalSection(ExtensibilityGlobals) = postSolution
		SolutionGuid = {17A2B5C8-56B7-4AF4-91A4-A449A1B62819}
	EndGlobalSection
EndGlobal
